{
    "name": "soroban-governor-js-sdk",
    "version": "0.4.0",
    "lockfileVersion": 3,
    "requires": true,
    "packages": {
        "": {
            "name": "soroban-governor-js-sdk",
            "version": "0.4.0",
            "dependencies": {
                "@stellar/freighter-api": "1.7.1",
                "@stellar/stellar-sdk": "11.2.2",
                "buffer": "6.0.3"
            },
            "devDependencies": {
                "typescript": "5.3.3"
            }
        },
        "node_modules/@stellar/freighter-api": {
            "version": "1.7.1",
            "license": "Apache-2.0"
        },
        "node_modules/@stellar/js-xdr": {
            "version": "3.1.0",
            "resolved": "https://registry.npmjs.org/@stellar/js-xdr/-/js-xdr-3.1.0.tgz",
            "integrity": "sha512-mYTyFnhgyQgyvpAYZRO1LurUn2MxcIZRj74zZz/BxKEk7zrL4axhQ1ez0HL2BRi0wlG6cHn5BeD/t9Xcyp7CSQ=="
        },
        "node_modules/@stellar/stellar-base": {
            "version": "11.0.0",
            "resolved": "https://registry.npmjs.org/@stellar/stellar-base/-/stellar-base-11.0.0.tgz",
            "integrity": "sha512-KPTjaWJCG2m7hMCPRWFGGPaG5qOkgPLWvFVOhe1HUy7dlE4MxxPfdusz0mcLkf6VT7doqhLB1rIt0D9M2GgQcQ==",
            "dependencies": {
                "@stellar/js-xdr": "^3.1.0",
                "base32.js": "^0.1.0",
                "bignumber.js": "^9.1.2",
                "buffer": "^6.0.3",
                "sha.js": "^2.3.6",
                "tweetnacl": "^1.0.3",
                "typescript": "^5.3.3"
            },
            "optionalDependencies": {
                "sodium-native": "^4.0.8"
            }
        },
        "node_modules/@stellar/stellar-sdk": {
            "version": "11.2.2",
            "resolved": "https://registry.npmjs.org/@stellar/stellar-sdk/-/stellar-sdk-11.2.2.tgz",
            "integrity": "sha512-50dpxpZE2e87LjIln1EZnBh7r+JFWwyGs+NiGPOZ+LzJd2YRf54+YxzDX6ELVOrUqp2TRTLnzthXXTNFeVobFw==",
            "dependencies": {
                "@stellar/stellar-base": "^11.0.0",
                "axios": "^1.6.7",
                "bignumber.js": "^9.1.2",
                "eventsource": "^2.0.2",
                "randombytes": "^2.1.0",
                "toml": "^3.0.0",
                "typescript": "^5.3.3",
                "urijs": "^1.19.1"
            }
        },
        "node_modules/asynckit": {
            "version": "0.4.0",
            "license": "MIT"
        },
        "node_modules/axios": {
            "version": "1.6.7",
            "license": "MIT",
            "dependencies": {
                "follow-redirects": "^1.15.4",
                "form-data": "^4.0.0",
                "proxy-from-env": "^1.1.0"
            }
        },
        "node_modules/base32.js": {
            "version": "0.1.0",
            "resolved": "https://registry.npmjs.org/base32.js/-/base32.js-0.1.0.tgz",
            "integrity": "sha512-n3TkB02ixgBOhTvANakDb4xaMXnYUVkNoRFJjQflcqMQhyEKxEHdj3E6N8t8sUQ0mjH/3/JxzlXuz3ul/J90pQ==",
            "engines": {
                "node": ">=0.12.0"
            }
        },
        "node_modules/base64-js": {
            "version": "1.5.1",
            "funding": [
                {
                    "type": "github",
                    "url": "https://github.com/sponsors/feross"
                },
                {
                    "type": "patreon",
                    "url": "https://www.patreon.com/feross"
                },
                {
                    "type": "consulting",
                    "url": "https://feross.org/support"
                }
            ],
            "license": "MIT"
        },
        "node_modules/bignumber.js": {
            "version": "9.1.2",
            "resolved": "https://registry.npmjs.org/bignumber.js/-/bignumber.js-9.1.2.tgz",
            "integrity": "sha512-2/mKyZH9K85bzOEfhXDBFZTGd1CTs+5IHpeFQo9luiBG7hghdC851Pj2WAhb6E3R6b9tZj/XKhbg4fum+Kepug==",
            "engines": {
                "node": "*"
            }
        },
        "node_modules/buffer": {
            "version": "6.0.3",
            "funding": [
                {
                    "type": "github",
                    "url": "https://github.com/sponsors/feross"
                },
                {
                    "type": "patreon",
                    "url": "https://www.patreon.com/feross"
                },
                {
                    "type": "consulting",
                    "url": "https://feross.org/support"
                }
            ],
            "license": "MIT",
            "dependencies": {
                "base64-js": "^1.3.1",
                "ieee754": "^1.2.1"
            }
        },
        "node_modules/combined-stream": {
            "version": "1.0.8",
            "license": "MIT",
            "dependencies": {
                "delayed-stream": "~1.0.0"
            },
            "engines": {
                "node": ">= 0.8"
            }
        },
        "node_modules/delayed-stream": {
            "version": "1.0.0",
            "license": "MIT",
            "engines": {
                "node": ">=0.4.0"
            }
        },
        "node_modules/eventsource": {
            "version": "2.0.2",
            "license": "MIT",
            "engines": {
                "node": ">=12.0.0"
            }
        },
        "node_modules/follow-redirects": {
            "version": "1.15.5",
            "funding": [
                {
                    "type": "individual",
                    "url": "https://github.com/sponsors/RubenVerborgh"
                }
            ],
            "license": "MIT",
            "engines": {
                "node": ">=4.0"
            },
            "peerDependenciesMeta": {
                "debug": {
                    "optional": true
                }
            }
        },
        "node_modules/form-data": {
            "version": "4.0.0",
            "license": "MIT",
            "dependencies": {
                "asynckit": "^0.4.0",
                "combined-stream": "^1.0.8",
                "mime-types": "^2.1.12"
            },
            "engines": {
                "node": ">= 6"
            }
        },
        "node_modules/ieee754": {
            "version": "1.2.1",
            "funding": [
                {
                    "type": "github",
                    "url": "https://github.com/sponsors/feross"
                },
                {
                    "type": "patreon",
                    "url": "https://www.patreon.com/feross"
                },
                {
                    "type": "consulting",
                    "url": "https://feross.org/support"
                }
            ],
            "license": "BSD-3-Clause"
        },
        "node_modules/inherits": {
            "version": "2.0.4",
            "resolved": "https://registry.npmjs.org/inherits/-/inherits-2.0.4.tgz",
            "integrity": "sha512-k/vGaX4/Yla3WzyMCvTQOXYeIHvqOKtnqBduzTHpzpQZzAskKMhZ2K+EnBiSM9zGSoIFeMpXKxa4dYeZIQqewQ=="
        },
        "node_modules/mime-db": {
            "version": "1.52.0",
            "license": "MIT",
            "engines": {
                "node": ">= 0.6"
            }
        },
        "node_modules/mime-types": {
            "version": "2.1.35",
            "license": "MIT",
            "dependencies": {
                "mime-db": "1.52.0"
            },
            "engines": {
                "node": ">= 0.6"
            }
        },
        "node_modules/node-gyp-build": {
            "version": "4.8.0",
            "resolved": "https://registry.npmjs.org/node-gyp-build/-/node-gyp-build-4.8.0.tgz",
            "integrity": "sha512-u6fs2AEUljNho3EYTJNBfImO5QTo/J/1Etd+NVdCj7qWKUSN/bSLkZwhDv7I+w/MSC6qJ4cknepkAYykDdK8og==",
            "optional": true,
            "bin": {
                "node-gyp-build": "bin.js",
                "node-gyp-build-optional": "optional.js",
                "node-gyp-build-test": "build-test.js"
            }
        },
        "node_modules/proxy-from-env": {
            "version": "1.1.0",
            "license": "MIT"
        },
        "node_modules/randombytes": {
            "version": "2.1.0",
            "license": "MIT",
            "dependencies": {
                "safe-buffer": "^5.1.0"
            }
        },
        "node_modules/safe-buffer": {
            "version": "5.2.1",
            "funding": [
                {
                    "type": "github",
                    "url": "https://github.com/sponsors/feross"
                },
                {
                    "type": "patreon",
                    "url": "https://www.patreon.com/feross"
                },
                {
                    "type": "consulting",
                    "url": "https://feross.org/support"
                }
            ],
            "license": "MIT"
        },
        "node_modules/sha.js": {
            "version": "2.4.11",
            "resolved": "https://registry.npmjs.org/sha.js/-/sha.js-2.4.11.tgz",
            "integrity": "sha512-QMEp5B7cftE7APOjk5Y6xgrbWu+WkLVQwk8JNjZ8nKRciZaByEW6MubieAiToS7+dwvrjGhH8jRXz3MVd0AYqQ==",
            "dependencies": {
                "inherits": "^2.0.1",
                "safe-buffer": "^5.0.1"
            },
            "bin": {
                "sha.js": "bin.js"
            }
        },
        "node_modules/sodium-native": {
            "version": "4.0.8",
            "resolved": "https://registry.npmjs.org/sodium-native/-/sodium-native-4.0.8.tgz",
            "integrity": "sha512-2MOwB92RlCF0Y+teiTOgRMaKvcgXbXvwmSlyHaY5Gy8d4W3Bm++9cMv+hB/gf8INdMUxo69DbmGcvJ7HzLSL9w==",
            "hasInstallScript": true,
            "optional": true,
            "dependencies": {
                "node-gyp-build": "^4.6.0"
            }
        },
        "node_modules/toml": {
            "version": "3.0.0",
            "license": "MIT"
        },
        "node_modules/tweetnacl": {
            "version": "1.0.3",
            "resolved": "https://registry.npmjs.org/tweetnacl/-/tweetnacl-1.0.3.tgz",
            "integrity": "sha512-6rt+RN7aOi1nGMyC4Xa5DdYiukl2UWCbcJft7YhxReBGQD7OAM8Pbxw6YMo4r2diNEA8FEmu32YOn9rhaiE5yw=="
        },
        "node_modules/typescript": {
            "version": "5.3.3",
            "license": "Apache-2.0",
            "bin": {
                "tsc": "bin/tsc",
                "tsserver": "bin/tsserver"
            },
            "engines": {
                "node": ">=14.17"
            }
        },
        "node_modules/urijs": {
            "version": "1.19.11",
            "license": "MIT"
        }
    }
}
